Distributed Systems Content Delivery Network Virtual Machines Event-driven Architecture Server Response IoT Cloud Functions DNS Routing JWT Container Orchestration
Data Pipeline Container Orchestration CI/CD Great things never come from comfort zones. Serverless Event-driven Architecture UX Optimization Event Sourcing Pull Request Distributed Systems Data Science
Logging Artificial Intelligence Load Balancing JavaScript Performance Kubernetes Data Science Docker Work hard in silence, let your success be your noise. Difficult roads often lead to beautiful destinations. Neural Networks Virtual Machines Backend Stay hungry, stay foolish. Opportunities don't happen. You create them.
